
Microsoft Visual Studio Solution File, Format Version 12.00
# Visual Studio 15
VisualStudioVersion = 15.0.27130.2027
MinimumVisualStudioVersion = 10.0.40219.1
Project("{FAE04EC0-301F-11D3-BF4B-00C04F79EFBC}") = "TwitterMonitorConsole", "TwitterMonitorConsole\TwitterMonitorConsole.csproj", "{E6263F49-9BF9-47B0-B5E6-ACA536F5C0BC}"
EndProject
Project("{2150E333-8FDC-42A3-9474-1A3956D46DE8}") = "Solution Items", "Solution Items", "{01DEACE6-2FD9-4396-A94B-E883A720B4FB}"
	ProjectSection(SolutionItems) = preProject
		DLLs\LanguageDetection.dll = DLLs\LanguageDetection.dll
		DLLs\Twitterizer2.dll = DLLs\Twitterizer2.dll
		DLLs\Twitterizer2.license.txt = DLLs\Twitterizer2.license.txt
	EndProjectSection
EndProject
Global
	GlobalSection(SolutionConfigurationPlatforms) = preSolution
		Debug|Any CPU = Debug|Any CPU
		Release|Any CPU = Release|Any CPU
	EndGlobalSection
	GlobalSection(ProjectConfigurationPlatforms) = postSolution
		{E6263F49-9BF9-47B0-B5E6-ACA536F5C0BC}.Debug|Any CPU.ActiveCfg = Debug|Any CPU
		{E6263F49-9BF9-47B0-B5E6-ACA536F5C0BC}.Debug|Any CPU.Build.0 = Debug|Any CPU
		{E6263F49-9BF9-47B0-B5E6-ACA536F5C0BC}.Release|Any CPU.ActiveCfg = Release|Any CPU
		{E6263F49-9BF9-47B0-B5E6-ACA536F5C0BC}.Release|Any CPU.Build.0 = Release|Any CPU
	EndGlobalSection
	GlobalSection(SolutionProperties) = preSolution
		HideSolutionNode = FALSE
	EndGlobalSection
	GlobalSection(ExtensibilityGlobals) = postSolution
		SolutionGuid = {D15F09B6-816B-43F9-8AF5-5E5B2CAE269F}
	EndGlobalSection
EndGlobal
